
Microsoft Visual Studio Solution File, Format Version 12.00
# Visual Studio Version 16
VisualStudioVersion = 16.0.30320.27
MinimumVisualStudioVersion = 10.0.40219.1
Project("{FAE04EC0-301F-11D3-BF4B-00C04F79EFBC}") = "BancoEscritorio", "BancoEscritorio.csproj", "{C7AF8DB0-C681-4790-AB7B-64912D507400}"
EndProject
Global
	GlobalSection(SolutionConfigurationPlatforms) = preSolution
		Debug|Any CPU = Debug|Any CPU
		Release|Any CPU = Release|Any CPU
	EndGlobalSection
	GlobalSection(ProjectConfigurationPlatforms) = postSolution
		{C7AF8DB0-C681-4790-AB7B-64912D507400}.Debug|Any CPU.ActiveCfg = Debug|Any CPU
		{C7AF8DB0-C681-4790-AB7B-64912D507400}.Debug|Any CPU.Build.0 = Debug|Any CPU
		{C7AF8DB0-C681-4790-AB7B-64912D507400}.Release|Any CPU.ActiveCfg = Release|Any CPU
		{C7AF8DB0-C681-4790-AB7B-64912D507400}.Release|Any CPU.Build.0 = Release|Any CPU
	EndGlobalSection
	GlobalSection(SolutionProperties) = preSolution
		HideSolutionNode = FALSE
	EndGlobalSection
	GlobalSection(ExtensibilityGlobals) = postSolution
		SolutionGuid = {21ABB63B-690D-4139-8EC0-37F8B2B27CDF}
	EndGlobalSection
EndGlobal
